
Microsoft Visual Studio Solution File, Format Version 12.00
# Visual Studio Version 16
VisualStudioVersion = 16.0.33130.400
MinimumVisualStudioVersion = 10.0.40219.1
Project("{9A19103F-16F7-4668-BE54-9A1E7A4F7556}") = "EF_Core_Education", "EF_Core_Education.csproj", "{2F503C5A-FF3F-4075-B15F-9A4D64192906}"
EndProject
Project("{9A19103F-16F7-4668-BE54-9A1E7A4F7556}") = "DbFirstApp", "..\DbFirstApp\DbFirstApp.csproj", "{F5236A60-4F33-4FDB-99D8-297DBF6447A7}"
EndProject
Project("{9A19103F-16F7-4668-BE54-9A1E7A4F7556}") = "CRUD Project", "..\CRUD Project\CRUD Project.csproj", "{0A9AC356-55D7-4775-8728-CE8D20C32433}"
EndProject
Project("{9A19103F-16F7-4668-BE54-9A1E7A4F7556}") = "Connection", "..\Connection\Connection.csproj", "{E33649EF-3010-422D-B1B3-7DDC04CF30FE}"
EndProject
Project("{FAE04EC0-301F-11D3-BF4B-00C04F79EFBC}") = "LogProject", "..\LogProject\LogProject.csproj", "{0732813A-BD27-4D6B-87AC-35EE4EACD71B}"
EndProject
Global
	GlobalSection(SolutionConfigurationPlatforms) = preSolution
		Debug|Any CPU = Debug|Any CPU
		Release|Any CPU = Release|Any CPU
	EndGlobalSection
	GlobalSection(ProjectConfigurationPlatforms) = postSolution
		{2F503C5A-FF3F-4075-B15F-9A4D64192906}.Debug|Any CPU.ActiveCfg = Debug|Any CPU
		{2F503C5A-FF3F-4075-B15F-9A4D64192906}.Debug|Any CPU.Build.0 = Debug|Any CPU
		{2F503C5A-FF3F-4075-B15F-9A4D64192906}.Release|Any CPU.ActiveCfg = Release|Any CPU
		{2F503C5A-FF3F-4075-B15F-9A4D64192906}.Release|Any CPU.Build.0 = Release|Any CPU
		{F5236A60-4F33-4FDB-99D8-297DBF6447A7}.Debug|Any CPU.ActiveCfg = Debug|Any CPU
		{F5236A60-4F33-4FDB-99D8-297DBF6447A7}.Debug|Any CPU.Build.0 = Debug|Any CPU
		{F5236A60-4F33-4FDB-99D8-297DBF6447A7}.Release|Any CPU.ActiveCfg = Release|Any CPU
		{F5236A60-4F33-4FDB-99D8-297DBF6447A7}.Release|Any CPU.Build.0 = Release|Any CPU
		{0A9AC356-55D7-4775-8728-CE8D20C32433}.Debug|Any CPU.ActiveCfg = Debug|Any CPU
		{0A9AC356-55D7-4775-8728-CE8D20C32433}.Debug|Any CPU.Build.0 = Debug|Any CPU
		{0A9AC356-55D7-4775-8728-CE8D20C32433}.Release|Any CPU.ActiveCfg = Release|Any CPU
		{0A9AC356-55D7-4775-8728-CE8D20C32433}.Release|Any CPU.Build.0 = Release|Any CPU
		{E33649EF-3010-422D-B1B3-7DDC04CF30FE}.Debug|Any CPU.ActiveCfg = Debug|Any CPU
		{E33649EF-3010-422D-B1B3-7DDC04CF30FE}.Debug|Any CPU.Build.0 = Debug|Any CPU
		{E33649EF-3010-422D-B1B3-7DDC04CF30FE}.Release|Any CPU.ActiveCfg = Release|Any CPU
		{E33649EF-3010-422D-B1B3-7DDC04CF30FE}.Release|Any CPU.Build.0 = Release|Any CPU
		{0732813A-BD27-4D6B-87AC-35EE4EACD71B}.Debug|Any CPU.ActiveCfg = Debug|Any CPU
		{0732813A-BD27-4D6B-87AC-35EE4EACD71B}.Debug|Any CPU.Build.0 = Debug|Any CPU
		{0732813A-BD27-4D6B-87AC-35EE4EACD71B}.Release|Any CPU.ActiveCfg = Release|Any CPU
		{0732813A-BD27-4D6B-87AC-35EE4EACD71B}.Release|Any CPU.Build.0 = Release|Any CPU
	EndGlobalSection
	GlobalSection(SolutionProperties) = preSolution
		HideSolutionNode = FALSE
	EndGlobalSection
	GlobalSection(ExtensibilityGlobals) = postSolution
		SolutionGuid = {1A6FB042-EA9D-4E04-9CA7-C684FF5560C8}
	EndGlobalSection
EndGlobal
